// !$*UTF8*$!
{
	archiveVersion = 1;
	classes = {
	};
	objectVersion = 50;
	objects = {

/* Begin PBXBuildFile section */
		3C8C7D74239EC60800A5A636 /* AppDelegate.swift in Sources */ = {isa = PBXBuildFile; fileRef = 3C8C7D73239EC60800A5A636 /* AppDelegate.swift */; };
		3C8C7D78239EC60800A5A636 /* ComicViewController.swift in Sources */ = {isa = PBXBuildFile; fileRef = 3C8C7D77239EC60800A5A636 /* ComicViewController.swift */; };
		3C8C7D7B239EC60800A5A636 /* Main.storyboard in Resources */ = {isa = PBXBuildFile; fileRef = 3C8C7D79239EC60800A5A636 /* Main.storyboard */; };
		3C8C7D7D239EC60800A5A636 /* Assets.xcassets in Resources */ = {isa = PBXBuildFile; fileRef = 3C8C7D7C239EC60800A5A636 /* Assets.xcassets */; };
		3C8C7D80239EC60800A5A636 /* LaunchScreen.storyboard in Resources */ = {isa = PBXBuildFile; fileRef = 3C8C7D7E239EC60800A5A636 /* LaunchScreen.storyboard */; };
		3C8C7D8B239EC60800A5A636 /* MarvelComicsTests.swift in Sources */ = {isa = PBXBuildFile; fileRef = 3C8C7D8A239EC60800A5A636 /* MarvelComicsTests.swift */; };
		3C8C7D96239EC60900A5A636 /* MarvelComicsUITests.swift in Sources */ = {isa = PBXBuildFile; fileRef = 3C8C7D95239EC60900A5A636 /* MarvelComicsUITests.swift */; };
/* End PBXBuildFile section */

/* Begin PBXContainerItemProxy section */
		3C8C7D87239EC60800A5A636 /* PBXContainerItemProxy */ = {
			isa = PBXContainerItemProxy;
			containerPortal = 3C8C7D68239EC60800A5A636 /* Project object */;
			proxyType = 1;
			remoteGlobalIDString = 3C8C7D6F239EC60800A5A636;
			remoteInfo = MarvelComics;
		};
		3C8C7D92239EC60900A5A636 /* PBXContainerItemProxy */ = {
			isa = PBXContainerItemProxy;
			containerPortal = 3C8C7D68239EC60800A5A636 /* Project object */;
			proxyType = 1;
			remoteGlobalIDString = 3C8C7D6F239EC60800A5A636;
			remoteInfo = MarvelComics;
		};
/* End PBXContainerItemProxy section */

/* Begin PBXFileReference section */
		3C8C7D70239EC60800A5A636 /* MarvelComics.app */ = {isa = PBXFileReference; explicitFileType = wrapper.application; includeInIndex = 0; path = MarvelComics.app; sourceTree = BUILT_PRODUCTS_DIR; };
		3C8C7D73239EC60800A5A636 /* AppDelegate.swift */ = {isa = PBXFileReference; lastKnownFileType = sourcecode.swift; path = AppDelegate.swift; sourceTree = "<group>"; };
		3C8C7D77239EC60800A5A636 /* ComicViewController.swift */ = {isa = PBXFileReference; lastKnownFileType = sourcecode.swift; path = ComicViewController.swift; sourceTree = "<group>"; };
		3C8C7D7A239EC60800A5A636 /* Base */ = {isa = PBXFileReference; lastKnownFileType = file.storyboard; name = Base; path = Base.lproj/Main.storyboard; sourceTree = "<group>"; };
		3C8C7D7C239EC60800A5A636 /* Assets.xcassets */ = {isa = PBXFileReference; lastKnownFileType = folder.assetcatalog; path = Assets.xcassets; sourceTree = "<group>"; };
		3C8C7D7F239EC60800A5A636 /* Base */ = {isa = PBXFileReference; lastKnownFileType = file.storyboard; name = Base; path = Base.lproj/LaunchScreen.storyboard; sourceTree = "<group>"; };
		3C8C7D81239EC60800A5A636 /* Info.plist */ = {isa = PBXFileReference; lastKnownFileType = text.plist.xml; path = Info.plist; sourceTree = "<group>"; };
		3C8C7D86239EC60800A5A636 /* MarvelComicsTests.xctest */ = {isa = PBXFileReference; explicitFileType = wrapper.cfbundle; includeInIndex = 0; path = MarvelComicsTests.xctest; sourceTree = BUILT_PRODUCTS_DIR; };
		3C8C7D8A239EC60800A5A636 /* MarvelComicsTests.swift */ = {isa = PBXFileReference; lastKnownFileType = sourcecode.swift; path = MarvelComicsTests.swift; sourceTree = "<group>"; };
		3C8C7D8C239EC60800A5A636 /* Info.plist */ = {isa = PBXFileReference; lastKnownFileType = text.plist.xml; path = Info.plist; sourceTree = "<group>"; };
		3C8C7D91239EC60900A5A636 /* MarvelComicsUITests.xctest */ = {isa = PBXFileReference; explicitFileType = wrapper.cfbundle; includeInIndex = 0; path = MarvelComicsUITests.xctest; sourceTree = BUILT_PRODUCTS_DIR; };
		3C8C7D95239EC60900A5A636 /* MarvelComicsUITests.swift */ = {isa = PBXFileReference; lastKnownFileType = sourcecode.swift; path = MarvelComicsUITests.swift; sourceTree = "<group>"; };
		3C8C7D97239EC60900A5A636 /* Info.plist */ = {isa = PBXFileReference; lastKnownFileType = text.plist.xml; path = Info.plist; sourceTree = "<group>"; };
/* End PBXFileReference section */

/* Begin PBXFrameworksBuildPhase section */
		3C8C7D6D239EC60800A5A636 /* Frameworks */ = {
			isa = PBXFrameworksBuildPhase;
			buildActionMask = 2147483647;
			files = (
			);
			runOnlyForDeploymentPostprocessing = 0;
		};
		3C8C7D83239EC60800A5A636 /* Frameworks */ = {
			isa = PBXFrameworksBuildPhase;
			buildActionMask = 2147483647;
			files = (
			);
			runOnlyForDeploymentPostprocessing = 0;
		};
		3C8C7D8E239EC60900A5A636 /* Frameworks */ = {
			isa = PBXFrameworksBuildPhase;
			buildActionMask = 2147483647;
			files = (
			);
			runOnlyForDeploymentPostprocessing = 0;
		};
/* End PBXFrameworksBuildPhase section */

/* Begin PBXGroup section */
		3C8C7D67239EC60800A5A636 = {
			isa = PBXGroup;
			children = (
				3C8C7D72239EC60800A5A636 /* MarvelComics */,
				3C8C7D89239EC60800A5A636 /* MarvelComicsTests */,
				3C8C7D94239EC60900A5A636 /* MarvelComicsUITests */,
				3C8C7D71239EC60800A5A636 /* Products */,
			);
			sourceTree = "<group>";
		};
		3C8C7D71239EC60800A5A636 /* Products */ = {
			isa = PBXGroup;
			children = (
				3C8C7D70239EC60800A5A636 /* MarvelComics.app */,
				3C8C7D86239EC60800A5A636 /* MarvelComicsTests.xctest */,
				3C8C7D91239EC60900A5A636 /* MarvelComicsUITests.xctest */,
			);
			name = Products;
			sourceTree = "<group>";
		};
		3C8C7D72239EC60800A5A636 /* MarvelComics */ = {
			isa = PBXGroup;
			children = (
				3C8C7D73239EC60800A5A636 /* AppDelegate.swift */,
				3C8C7D77239EC60800A5A636 /* ComicViewController.swift */,
				3C8C7D79239EC60800A5A636 /* Main.storyboard */,
				3C8C7D7C239EC60800A5A636 /* Assets.xcassets */,
				3C8C7D7E239EC60800A5A636 /* LaunchScreen.storyboard */,
				3C8C7D81239EC60800A5A636 /* Info.plist */,
			);
			path = MarvelComics;
			sourceTree = "<group>";
		};
		3C8C7D89239EC60800A5A636 /* MarvelComicsTests */ = {
			isa = PBXGroup;
			children = (
				3C8C7D8A239EC60800A5A636 /* MarvelComicsTests.swift */,
				3C8C7D8C239EC60800A5A636 /* Info.plist */,
			);
			path = MarvelComicsTests;
			sourceTree = "<group>";
		};
		3C8C7D94239EC60900A5A636 /* MarvelComicsUITests */ = {
			isa = PBXGroup;
			children = (
				3C8C7D95239EC60900A5A636 /* MarvelComicsUITests.swift */,
				3C8C7D97239EC60900A5A636 /* Info.plist */,
			);
			path = MarvelComicsUITests;
			sourceTree = "<group>";
		};
/* End PBXGroup section */

/* Begin PBXNativeTarget section */
		3C8C7D6F239EC60800A5A636 /* MarvelComics */ = {
			isa = PBXNativeTarget;
			buildConfigurationList = 3C8C7D9A239EC60900A5A636 /* Build configuration list for PBXNativeTarget "MarvelComics" */;
			buildPhases = (
				3C8C7D6C239EC60800A5A636 /* Sources */,
				3C8C7D6D239EC60800A5A636 /* Frameworks */,
				3C8C7D6E239EC60800A5A636 /* Resources */,
			);
			buildRules = (
			);
			dependencies = (
			);
			name = MarvelComics;
			productName = MarvelComics;
			productReference = 3C8C7D70239EC60800A5A636 /* MarvelComics.app */;
			productType = "com.apple.product-type.application";
		};
		3C8C7D85239EC60800A5A636 /* MarvelComicsTests */ = {
			isa = PBXNativeTarget;
			buildConfigurationList = 3C8C7D9D239EC60900A5A636 /* Build configuration list for PBXNativeTarget "MarvelComicsTests" */;
			buildPhases = (
				3C8C7D82239EC60800A5A636 /* Sources */,
				3C8C7D83239EC60800A5A636 /* Frameworks */,
				3C8C7D84239EC60800A5A636 /* Resources */,
			);
			buildRules = (
			);
			dependencies = (
				3C8C7D88239EC60800A5A636 /* PBXTargetDependency */,
			);
			name = MarvelComicsTests;
			productName = MarvelComicsTests;
			productReference = 3C8C7D86239EC60800A5A636 /* MarvelComicsTests.xctest */;
			productType = "com.apple.product-type.bundle.unit-test";
		};
		3C8C7D90239EC60900A5A636 /* MarvelComicsUITests */ = {
			isa = PBXNativeTarget;
			buildConfigurationList = 3C8C7DA0239EC60900A5A636 /* Build configuration list for PBXNativeTarget "MarvelComicsUITests" */;
			buildPhases = (
				3C8C7D8D239EC60900A5A636 /* Sources */,
				3C8C7D8E239EC60900A5A636 /* Frameworks */,
				3C8C7D8F239EC60900A5A636 /* Resources */,
			);
			buildRules = (
			);
			dependencies = (
				3C8C7D93239EC60900A5A636 /* PBXTargetDependency */,
			);
			name = MarvelComicsUITests;
			productName = MarvelComicsUITests;
			productReference = 3C8C7D91239EC60900A5A636 /* MarvelComicsUITests.xctest */;
			productType = "com.apple.product-type.bundle.ui-testing";
		};
/* End PBXNativeTarget section */

/* Begin PBXProject section */
		3C8C7D68239EC60800A5A636 /* Project object */ = {
			isa = PBXProject;
			attributes = {
				LastSwiftUpdateCheck = 1120;
				LastUpgradeCheck = 1120;
				ORGANIZATIONNAME = "Felipe Teofilo";
				TargetAttributes = {
					3C8C7D6F239EC60800A5A636 = {
						CreatedOnToolsVersion = 11.2.1;
					};
					3C8C7D85239EC60800A5A636 = {
						CreatedOnToolsVersion = 11.2.1;
						TestTargetID = 3C8C7D6F239EC60800A5A636;
					};
					3C8C7D90239EC60900A5A636 = {
						CreatedOnToolsVersion = 11.2.1;
						TestTargetID = 3C8C7D6F239EC60800A5A636;
					};
				};
			};
			buildConfigurationList = 3C8C7D6B239EC60800A5A636 /* Build configuration list for PBXProject "MarvelComics" */;
			compatibilityVersion = "Xcode 9.3";
			developmentRegion = en;
			hasScannedForEncodings = 0;
			knownRegions = (
				en,
				Base,
			);
			mainGroup = 3C8C7D67239EC60800A5A636;
			productRefGroup = 3C8C7D71239EC60800A5A636 /* Products */;
			projectDirPath = "";
			projectRoot = "";
			targets = (
				3C8C7D6F239EC60800A5A636 /* MarvelComics */,
				3C8C7D85239EC60800A5A636 /* MarvelComicsTests */,
				3C8C7D90239EC60900A5A636 /* MarvelComicsUITests */,
			);
		};
/* End PBXProject section */

/* Begin PBXResourcesBuildPhase section */
		3C8C7D6E239EC60800A5A636 /* Resources */ = {
			isa = PBXResourcesBuildPhase;
			buildActionMask = 2147483647;
			files = (
				3C8C7D80239EC60800A5A636 /* LaunchScreen.storyboard in Resources */,
				3C8C7D7D239EC60800A5A636 /* Assets.xcassets in Resources */,
				3C8C7D7B239EC60800A5A636 /* Main.storyboard in Resources */,
			);
			runOnlyForDeploymentPostprocessing = 0;
		};
		3C8C7D84239EC60800A5A636 /* Resources */ = {
			isa = PBXResourcesBuildPhase;
			buildActionMask = 2147483647;
			files = (
			);
			runOnlyForDeploymentPostprocessing = 0;
		};
		3C8C7D8F239EC60900A5A636 /* Resources */ = {
			isa = PBXResourcesBuildPhase;
			buildActionMask = 2147483647;
			files = (
			);
			runOnlyForDeploymentPostprocessing = 0;
		};
/* End PBXResourcesBuildPhase section */

/* Begin PBXSourcesBuildPhase section */
		3C8C7D6C239EC60800A5A636 /* Sources */ = {
			isa = PBXSourcesBuildPhase;
			buildActionMask = 2147483647;
			files = (
				3C8C7D78239EC60800A5A636 /* ComicViewController.swift in Sources */,
				3C8C7D74239EC60800A5A636 /* AppDelegate.swift in Sources */,
			);
			runOnlyForDeploymentPostprocessing = 0;
		};
		3C8C7D82239EC60800A5A636 /* Sources */ = {
			isa = PBXSourcesBuildPhase;
			buildActionMask = 2147483647;
			files = (
				3C8C7D8B239EC60800A5A636 /* MarvelComicsTests.swift in Sources */,
			);
			runOnlyForDeploymentPostprocessing = 0;
		};
		3C8C7D8D239EC60900A5A636 /* Sources */ = {
			isa = PBXSourcesBuildPhase;
			buildActionMask = 2147483647;
			files = (
				3C8C7D96239EC60900A5A636 /* MarvelComicsUITests.swift in Sources */,
			);
			runOnlyForDeploymentPostprocessing = 0;
		};
/* End PBXSourcesBuildPhase section */

/* Begin PBXTargetDependency section */
		3C8C7D88239EC60800A5A636 /* PBXTargetDependency */ = {
			isa = PBXTargetDependency;
			target = 3C8C7D6F239EC60800A5A636 /* MarvelComics */;
			targetProxy = 3C8C7D87239EC60800A5A636 /* PBXContainerItemProxy */;
		};
		3C8C7D93239EC60900A5A636 /* PBXTargetDependency */ = {
			isa = PBXTargetDependency;
			target = 3C8C7D6F239EC60800A5A636 /* MarvelComics */;
			targetProxy = 3C8C7D92239EC60900A5A636 /* PBXContainerItemProxy */;
		};
/* End PBXTargetDependency section */

/* Begin PBXVariantGroup section */
		3C8C7D79239EC60800A5A636 /* Main.storyboard */ = {
			isa = PBXVariantGroup;
			children = (
				3C8C7D7A239EC60800A5A636 /* Base */,
			);
			name = Main.storyboard;
			sourceTree = "<group>";
		};
		3C8C7D7E239EC60800A5A636 /* LaunchScreen.storyboard */ = {
			isa = PBXVariantGroup;
			children = (
				3C8C7D7F239EC60800A5A636 /* Base */,
			);
			name = LaunchScreen.storyboard;
			sourceTree = "<group>";
		};
/* End PBXVariantGroup section */

/* Begin XCBuildConfiguration section */
		3C8C7D98239EC60900A5A636 /* Debug */ = {
			isa = XCBuildConfiguration;
			buildSettings = {
				ALWAYS_SEARCH_USER_PATHS = NO;
				CLANG_ANALYZER_NONNULL = YES;
				CLANG_ANALYZER_NUMBER_OBJECT_CONVERSION = YES_AGGRESSIVE;
				CLANG_CXX_LANGUAGE_STANDARD = "gnu++14";
				CLANG_CXX_LIBRARY = "libc++";
				CLANG_ENABLE_MODULES = YES;
				CLANG_ENABLE_OBJC_ARC = YES;
				CLANG_ENABLE_OBJC_WEAK = YES;
				CLANG_WARN_BLOCK_CAPTURE_AUTORELEASING = YES;
				CLANG_WARN_BOOL_CONVERSION = YES;
				CLANG_WARN_COMMA = YES;
				CLANG_WARN_CONSTANT_CONVERSION = YES;
				CLANG_WARN_DEPRECATED_OBJC_IMPLEMENTATIONS = YES;
				CLANG_WARN_DIRECT_OBJC_ISA_USAGE = YES_ERROR;
				CLANG_WARN_DOCUMENTATION_COMMENTS = YES;
				CLANG_WARN_EMPTY_BODY = YES;
				CLANG_WARN_ENUM_CONVERSION = YES;
				CLANG_WARN_INFINITE_RECURSION = YES;
				CLANG_WARN_INT_CONVERSION = YES;
				CLANG_WARN_NON_LITERAL_NULL_CONVERSION = YES;
				CLANG_WARN_OBJC_IMPLICIT_RETAIN_SELF = YES;
				CLANG_WARN_OBJC_LITERAL_CONVERSION = YES;
				CLANG_WARN_OBJC_ROOT_CLASS = YES_ERROR;
				CLANG_WARN_RANGE_LOOP_ANALYSIS = YES;
				CLANG_WARN_STRICT_PROTOTYPES = YES;
				CLANG_WARN_SUSPICIOUS_MOVE = YES;
				CLANG_WARN_UNGUARDED_AVAILABILITY = YES_AGGRESSIVE;
				CLANG_WARN_UNREACHABLE_CODE = YES;
				CLANG_WARN__DUPLICATE_METHOD_MATCH = YES;
				COPY_PHASE_STRIP = NO;
				DEBUG_INFORMATION_FORMAT = dwarf;
				ENABLE_STRICT_OBJC_MSGSEND = YES;
				ENABLE_TESTABILITY = YES;
				GCC_C_LANGUAGE_STANDARD = gnu11;
				GCC_DYNAMIC_NO_PIC = NO;
				GCC_NO_COMMON_BLOCKS = YES;
				GCC_OPTIMIZATION_LEVEL = 0;
				GCC_PREPROCESSOR_DEFINITIONS = (
					"DEBUG=1",
					"$(inherited)",
				);
				GCC_WARN_64_TO_32_BIT_CONVERSION = YES;
				GCC_WARN_ABOUT_RETURN_TYPE = YES_ERROR;
				GCC_WARN_UNDECLARED_SELECTOR = YES;
				GCC_WARN_UNINITIALIZED_AUTOS = YES_AGGRESSIVE;
				GCC_WARN_UNUSED_FUNCTION = YES;
				GCC_WARN_UNUSED_VARIABLE = YES;
				IPHONEOS_DEPLOYMENT_TARGET = 13.2;
				MTL_ENABLE_DEBUG_INFO = INCLUDE_SOURCE;
				MTL_FAST_MATH = YES;
				ONLY_ACTIVE_ARCH = YES;
				SDKROOT = iphoneos;
				SWIFT_ACTIVE_COMPILATION_CONDITIONS = DEBUG;
				SWIFT_OPTIMIZATION_LEVEL = "-Onone";
			};
			name = Debug;
		};
		3C8C7D99239EC60900A5A636 /* Release */ = {
			isa = XCBuildConfiguration;
			buildSettings = {
				ALWAYS_SEARCH_USER_PATHS = NO;
				CLANG_ANALYZER_NONNULL = YES;
				CLANG_ANALYZER_NUMBER_OBJECT_CONVERSION = YES_AGGRESSIVE;
				CLANG_CXX_LANGUAGE_STANDARD = "gnu++14";
				CLANG_CXX_LIBRARY = "libc++";
				CLANG_ENABLE_MODULES = YES;
				CLANG_ENABLE_OBJC_ARC = YES;
				CLANG_ENABLE_OBJC_WEAK = YES;
				CLANG_WARN_BLOCK_CAPTURE_AUTORELEASING = YES;
				CLANG_WARN_BOOL_CONVERSION = YES;
				CLANG_WARN_COMMA = YES;
				CLANG_WARN_CONSTANT_CONVERSION = YES;
				CLANG_WARN_DEPRECATED_OBJC_IMPLEMENTATIONS = YES;
				CLANG_WARN_DIRECT_OBJC_ISA_USAGE = YES_ERROR;
				CLANG_WARN_DOCUMENTATION_COMMENTS = YES;
				CLANG_WARN_EMPTY_BODY = YES;
				CLANG_WARN_ENUM_CONVERSION = YES;
				CLANG_WARN_INFINITE_RECURSION = YES;
				CLANG_WARN_INT_CONVERSION = YES;
				CLANG_WARN_NON_LITERAL_NULL_CONVERSION = YES;
				CLANG_WARN_OBJC_IMPLICIT_RETAIN_SELF = YES;
				CLANG_WARN_OBJC_LITERAL_CONVERSION = YES;
				CLANG_WARN_OBJC_ROOT_CLASS = YES_ERROR;
				CLANG_WARN_RANGE_LOOP_ANALYSIS = YES;
				CLANG_WARN_STRICT_PROTOTYPES = YES;
				CLANG_WARN_SUSPICIOUS_MOVE = YES;
				CLANG_WARN_UNGUARDED_AVAILABILITY = YES_AGGRESSIVE;
				CLANG_WARN_UNREACHABLE_CODE = YES;
				CLANG_WARN__DUPLICATE_METHOD_MATCH = YES;
				COPY_PHASE_STRIP = NO;
				DEBUG_INFORMATION_FORMAT = "dwarf-with-dsym";
				ENABLE_NS_ASSERTIONS = NO;
				ENABLE_STRICT_OBJC_MSGSEND = YES;
				GCC_C_LANGUAGE_STANDARD = gnu11;
				GCC_NO_COMMON_BLOCKS = YES;
				GCC_WARN_64_TO_32_BIT_CONVERSION = YES;
				GCC_WARN_ABOUT_RETURN_TYPE = YES_ERROR;
				GCC_WARN_UNDECLARED_SELECTOR = YES;
				GCC_WARN_UNINITIALIZED_AUTOS = YES_AGGRESSIVE;
				GCC_WARN_UNUSED_FUNCTION = YES;
				GCC_WARN_UNUSED_VARIABLE = YES;
				IPHONEOS_DEPLOYMENT_TARGET = 13.2;
				MTL_ENABLE_DEBUG_INFO = NO;
				MTL_FAST_MATH = YES;
				SDKROOT = iphoneos;
				SWIFT_COMPILATION_MODE = wholemodule;
				SWIFT_OPTIMIZATION_LEVEL = "-O";
				VALIDATE_PRODUCT = YES;
			};
			name = Release;
		};
		3C8C7D9B239EC60900A5A636 /* Debug */ = {
			isa = XCBuildConfiguration;
			buildSettings = {
				ASSETCATALOG_COMPILER_APPICON_NAME = AppIcon;
				CODE_SIGN_STYLE = Automatic;
				INFOPLIST_FILE = MarvelComics/Info.plist;
				LD_RUNPATH_SEARCH_PATHS = (
					"$(inherited)",
					"@executable_path/Frameworks",
				);
				PRODUCT_BUNDLE_IDENTIFIER = felipe.teofilo.MarvelComics;
				PRODUCT_NAME = "$(TARGET_NAME)";
				SWIFT_VERSION = 5.0;
				TARGETED_DEVICE_FAMILY = "1,2";
			};
			name = Debug;
		};
		3C8C7D9C239EC60900A5A636 /* Release */ = {
			isa = XCBuildConfiguration;
			buildSettings = {
				ASSETCATALOG_COMPILER_APPICON_NAME = AppIcon;
				CODE_SIGN_STYLE = Automatic;
				INFOPLIST_FILE = MarvelComics/Info.plist;
				LD_RUNPATH_SEARCH_PATHS = (
					"$(inherited)",
					"@executable_path/Frameworks",
				);
				PRODUCT_BUNDLE_IDENTIFIER = felipe.teofilo.MarvelComics;
				PRODUCT_NAME = "$(TARGET_NAME)";
				SWIFT_VERSION = 5.0;
				TARGETED_DEVICE_FAMILY = "1,2";
			};
			name = Release;
		};
		3C8C7D9E239EC60900A5A636 /* Debug */ = {
			isa = XCBuildConfiguration;
			buildSettings = {
				ALWAYS_EMBED_SWIFT_STANDARD_LIBRARIES = YES;
				BUNDLE_LOADER = "$(TEST_HOST)";
				CODE_SIGN_STYLE = Automatic;
				INFOPLIST_FILE = MarvelComicsTests/Info.plist;
				IPHONEOS_DEPLOYMENT_TARGET = 13.2;
				LD_RUNPATH_SEARCH_PATHS = (
					"$(inherited)",
					"@executable_path/Frameworks",
					"@loader_path/Frameworks",
				);
				PRODUCT_BUNDLE_IDENTIFIER = felipe.teofilo.MarvelComicsTests;
				PRODUCT_NAME = "$(TARGET_NAME)";
				SWIFT_VERSION = 5.0;
				TARGETED_DEVICE_FAMILY = "1,2";
				TEST_HOST = "$(BUILT_PRODUCTS_DIR)/MarvelComics.app/MarvelComics";
			};
			name = Debug;
		};
		3C8C7D9F239EC60900A5A636 /* Release */ = {
			isa = XCBuildConfiguration;
			buildSettings = {
				ALWAYS_EMBED_SWIFT_STANDARD_LIBRARIES = YES;
				BUNDLE_LOADER = "$(TEST_HOST)";
				CODE_SIGN_STYLE = Automatic;
				INFOPLIST_FILE = MarvelComicsTests/Info.plist;
				IPHONEOS_DEPLOYMENT_TARGET = 13.2;
				LD_RUNPATH_SEARCH_PATHS = (
					"$(inherited)",
					"@executable_path/Frameworks",
					"@loader_path/Frameworks",
				);
				PRODUCT_BUNDLE_IDENTIFIER = felipe.teofilo.MarvelComicsTests;
				PRODUCT_NAME = "$(TARGET_NAME)";
				SWIFT_VERSION = 5.0;
				TARGETED_DEVICE_FAMILY = "1,2";
				TEST_HOST = "$(BUILT_PRODUCTS_DIR)/MarvelComics.app/MarvelComics";
			};
			name = Release;
		};
		3C8C7DA1239EC60900A5A636 /* Debug */ = {
			isa = XCBuildConfiguration;
			buildSettings = {
				ALWAYS_EMBED_SWIFT_STANDARD_LIBRARIES = YES;
				CODE_SIGN_STYLE = Automatic;
				INFOPLIST_FILE = MarvelComicsUITests/Info.plist;
				LD_RUNPATH_SEARCH_PATHS = (
					"$(inherited)",
					"@executable_path/Frameworks",
					"@loader_path/Frameworks",
				);
				PRODUCT_BUNDLE_IDENTIFIER = felipe.teofilo.MarvelComicsUITests;
				PRODUCT_NAME = "$(TARGET_NAME)";
				SWIFT_VERSION = 5.0;
				TARGETED_DEVICE_FAMILY = "1,2";
				TEST_TARGET_NAME = MarvelComics;
			};
			name = Debug;
		};
		3C8C7DA2239EC60900A5A636 /* Release */ = {
			isa = XCBuildConfiguration;
			buildSettings = {
				ALWAYS_EMBED_SWIFT_STANDARD_LIBRARIES = YES;
				CODE_SIGN_STYLE = Automatic;
				INFOPLIST_FILE = MarvelComicsUITests/Info.plist;
				LD_RUNPATH_SEARCH_PATHS = (
					"$(inherited)",
					"@executable_path/Frameworks",
					"@loader_path/Frameworks",
				);
				PRODUCT_BUNDLE_IDENTIFIER = felipe.teofilo.MarvelComicsUITests;
				PRODUCT_NAME = "$(TARGET_NAME)";
				SWIFT_VERSION = 5.0;
				TARGETED_DEVICE_FAMILY = "1,2";
				TEST_TARGET_NAME = MarvelComics;
			};
			name = Release;
		};
/* End XCBuildConfiguration section */

/* Begin XCConfigurationList section */
		3C8C7D6B239EC60800A5A636 /* Build configuration list for PBXProject "MarvelComics" */ = {
			isa = XCConfigurationList;
			buildConfigurations = (
				3C8C7D98239EC60900A5A636 /* Debug */,
				3C8C7D99239EC60900A5A636 /* Release */,
			);
			defaultConfigurationIsVisible = 0;
			defaultConfigurationName = Release;
		};
		3C8C7D9A239EC60900A5A636 /* Build configuration list for PBXNativeTarget "MarvelComics" */ = {
			isa = XCConfigurationList;
			buildConfigurations = (
				3C8C7D9B239EC60900A5A636 /* Debug */,
				3C8C7D9C239EC60900A5A636 /* Release */,
			);
			defaultConfigurationIsVisible = 0;
			defaultConfigurationName = Release;
		};
		3C8C7D9D239EC60900A5A636 /* Build configuration list for PBXNativeTarget "MarvelComicsTests" */ = {
			isa = XCConfigurationList;
			buildConfigurations = (
				3C8C7D9E239EC60900A5A636 /* Debug */,
				3C8C7D9F239EC60900A5A636 /* Release */,
			);
			defaultConfigurationIsVisible = 0;
			defaultConfigurationName = Release;
		};
		3C8C7DA0239EC60900A5A636 /* Build configuration list for PBXNativeTarget "MarvelComicsUITests" */ = {
			isa = XCConfigurationList;
			buildConfigurations = (
				3C8C7DA1239EC60900A5A636 /* Debug */,
				3C8C7DA2239EC60900A5A636 /* Release */,
			);
			defaultConfigurationIsVisible = 0;
			defaultConfigurationName = Release;
		};
/* End XCConfigurationList section */
	};
	rootObject = 3C8C7D68239EC60800A5A636 /* Project object */;
}
