// !$*UTF8*$!
{
	archiveVersion = 1;
	classes = {
	};
	objectVersion = 50;
	objects = {

/* Begin PBXBuildFile section */
		3C540C2F239FCC9500CBEDA1 /* ComicDetailsViewController.swift in Sources */ = {isa = PBXBuildFile; fileRef = 3C540C2E239FCC9500CBEDA1 /* ComicDetailsViewController.swift */; };
		3C540C31239FD51500CBEDA1 /* ComicCell.swift in Sources */ = {isa = PBXBuildFile; fileRef = 3C540C30239FD51500CBEDA1 /* ComicCell.swift */; };
		3C540C33239FE47200CBEDA1 /* Service.swift in Sources */ = {isa = PBXBuildFile; fileRef = 3C540C32239FE47200CBEDA1 /* Service.swift */; };
		3C540C3523A0025100CBEDA1 /* ErrorResult.swift in Sources */ = {isa = PBXBuildFile; fileRef = 3C540C3423A0025100CBEDA1 /* ErrorResult.swift */; };
		3C540C3723A003B800CBEDA1 /* Result.swift in Sources */ = {isa = PBXBuildFile; fileRef = 3C540C3623A003B800CBEDA1 /* Result.swift */; };
		3C540C3E23A008A300CBEDA1 /* ComicViewModel.swift in Sources */ = {isa = PBXBuildFile; fileRef = 3C540C3D23A008A300CBEDA1 /* ComicViewModel.swift */; };
		3C540C4023A01C8A00CBEDA1 /* Comic.swift in Sources */ = {isa = PBXBuildFile; fileRef = 3C540C3F23A01C8A00CBEDA1 /* Comic.swift */; };
		3C540C4223A02A0A00CBEDA1 /* ServiceComic.swift in Sources */ = {isa = PBXBuildFile; fileRef = 3C540C4123A02A0A00CBEDA1 /* ServiceComic.swift */; };
		3C540C4723A02C4B00CBEDA1 /* ComicDataContainer.swift in Sources */ = {isa = PBXBuildFile; fileRef = 3C540C4623A02C4B00CBEDA1 /* ComicDataContainer.swift */; };
		3C540C4923A02C5D00CBEDA1 /* ComicDataWrapper.swift in Sources */ = {isa = PBXBuildFile; fileRef = 3C540C4823A02C5D00CBEDA1 /* ComicDataWrapper.swift */; };
		3C540C4B23A02C8700CBEDA1 /* TextObject.swift in Sources */ = {isa = PBXBuildFile; fileRef = 3C540C4A23A02C8700CBEDA1 /* TextObject.swift */; };
		3C540C4D23A02C9200CBEDA1 /* MarvelUrl.swift in Sources */ = {isa = PBXBuildFile; fileRef = 3C540C4C23A02C9200CBEDA1 /* MarvelUrl.swift */; };
		3C540C4F23A02C9B00CBEDA1 /* SeriesSummary.swift in Sources */ = {isa = PBXBuildFile; fileRef = 3C540C4E23A02C9B00CBEDA1 /* SeriesSummary.swift */; };
		3C540C5123A02CA600CBEDA1 /* ComicSummary.swift in Sources */ = {isa = PBXBuildFile; fileRef = 3C540C5023A02CA600CBEDA1 /* ComicSummary.swift */; };
		3C540C5323A02CB100CBEDA1 /* ComicDate.swift in Sources */ = {isa = PBXBuildFile; fileRef = 3C540C5223A02CB100CBEDA1 /* ComicDate.swift */; };
		3C540C5B23A02F9F00CBEDA1 /* CharacterSummary.swift in Sources */ = {isa = PBXBuildFile; fileRef = 3C540C5423A02F9E00CBEDA1 /* CharacterSummary.swift */; };
		3C540C5C23A02F9F00CBEDA1 /* ComicPrice.swift in Sources */ = {isa = PBXBuildFile; fileRef = 3C540C5523A02F9E00CBEDA1 /* ComicPrice.swift */; };
		3C540C5D23A02F9F00CBEDA1 /* CharacterList.swift in Sources */ = {isa = PBXBuildFile; fileRef = 3C540C5623A02F9E00CBEDA1 /* CharacterList.swift */; };
		3C540C5E23A02F9F00CBEDA1 /* CreatorList.swift in Sources */ = {isa = PBXBuildFile; fileRef = 3C540C5723A02F9E00CBEDA1 /* CreatorList.swift */; };
		3C540C5F23A02F9F00CBEDA1 /* StoryList.swift in Sources */ = {isa = PBXBuildFile; fileRef = 3C540C5823A02F9E00CBEDA1 /* StoryList.swift */; };
		3C540C6023A02F9F00CBEDA1 /* CreatorSummary.swift in Sources */ = {isa = PBXBuildFile; fileRef = 3C540C5923A02F9E00CBEDA1 /* CreatorSummary.swift */; };
		3C540C6123A02F9F00CBEDA1 /* MarvelImage.swift in Sources */ = {isa = PBXBuildFile; fileRef = 3C540C5A23A02F9E00CBEDA1 /* MarvelImage.swift */; };
		3C540C6523A02FF600CBEDA1 /* EventList.swift in Sources */ = {isa = PBXBuildFile; fileRef = 3C540C6223A02FF600CBEDA1 /* EventList.swift */; };
		3C540C6623A02FF600CBEDA1 /* StorySummary.swift in Sources */ = {isa = PBXBuildFile; fileRef = 3C540C6323A02FF600CBEDA1 /* StorySummary.swift */; };
		3C540C6723A02FF600CBEDA1 /* EventSummary.swift in Sources */ = {isa = PBXBuildFile; fileRef = 3C540C6423A02FF600CBEDA1 /* EventSummary.swift */; };
		3C540C6923A0559A00CBEDA1 /* Constants.swift in Sources */ = {isa = PBXBuildFile; fileRef = 3C540C6823A0559A00CBEDA1 /* Constants.swift */; };
		3C540C6D23A06DAC00CBEDA1 /* UIImageView+Session.swift in Sources */ = {isa = PBXBuildFile; fileRef = 3C540C6C23A06DAC00CBEDA1 /* UIImageView+Session.swift */; };
		3C8C7D74239EC60800A5A636 /* AppDelegate.swift in Sources */ = {isa = PBXBuildFile; fileRef = 3C8C7D73239EC60800A5A636 /* AppDelegate.swift */; };
		3C8C7D78239EC60800A5A636 /* ComicTableViewController.swift in Sources */ = {isa = PBXBuildFile; fileRef = 3C8C7D77239EC60800A5A636 /* ComicTableViewController.swift */; };
		3C8C7D7B239EC60800A5A636 /* Main.storyboard in Resources */ = {isa = PBXBuildFile; fileRef = 3C8C7D79239EC60800A5A636 /* Main.storyboard */; };
		3C8C7D7D239EC60800A5A636 /* Assets.xcassets in Resources */ = {isa = PBXBuildFile; fileRef = 3C8C7D7C239EC60800A5A636 /* Assets.xcassets */; };
		3C8C7D80239EC60800A5A636 /* LaunchScreen.storyboard in Resources */ = {isa = PBXBuildFile; fileRef = 3C8C7D7E239EC60800A5A636 /* LaunchScreen.storyboard */; };
		3C8C7D8B239EC60800A5A636 /* MarvelComicsTests.swift in Sources */ = {isa = PBXBuildFile; fileRef = 3C8C7D8A239EC60800A5A636 /* MarvelComicsTests.swift */; };
		3C8C7D96239EC60900A5A636 /* MarvelComicsUITests.swift in Sources */ = {isa = PBXBuildFile; fileRef = 3C8C7D95239EC60900A5A636 /* MarvelComicsUITests.swift */; };
/* End PBXBuildFile section */

/* Begin PBXContainerItemProxy section */
		3C8C7D87239EC60800A5A636 /* PBXContainerItemProxy */ = {
			isa = PBXContainerItemProxy;
			containerPortal = 3C8C7D68239EC60800A5A636 /* Project object */;
			proxyType = 1;
			remoteGlobalIDString = 3C8C7D6F239EC60800A5A636;
			remoteInfo = MarvelComics;
		};
		3C8C7D92239EC60900A5A636 /* PBXContainerItemProxy */ = {
			isa = PBXContainerItemProxy;
			containerPortal = 3C8C7D68239EC60800A5A636 /* Project object */;
			proxyType = 1;
			remoteGlobalIDString = 3C8C7D6F239EC60800A5A636;
			remoteInfo = MarvelComics;
		};
/* End PBXContainerItemProxy section */

/* Begin PBXFileReference section */
		3C540C2E239FCC9500CBEDA1 /* ComicDetailsViewController.swift */ = {isa = PBXFileReference; lastKnownFileType = sourcecode.swift; path = ComicDetailsViewController.swift; sourceTree = "<group>"; };
		3C540C30239FD51500CBEDA1 /* ComicCell.swift */ = {isa = PBXFileReference; lastKnownFileType = sourcecode.swift; path = ComicCell.swift; sourceTree = "<group>"; };
		3C540C32239FE47200CBEDA1 /* Service.swift */ = {isa = PBXFileReference; lastKnownFileType = sourcecode.swift; path = Service.swift; sourceTree = "<group>"; };
		3C540C3423A0025100CBEDA1 /* ErrorResult.swift */ = {isa = PBXFileReference; fileEncoding = 4; lastKnownFileType = sourcecode.swift; path = ErrorResult.swift; sourceTree = "<group>"; };
		3C540C3623A003B800CBEDA1 /* Result.swift */ = {isa = PBXFileReference; fileEncoding = 4; lastKnownFileType = sourcecode.swift; path = Result.swift; sourceTree = "<group>"; };
		3C540C3D23A008A300CBEDA1 /* ComicViewModel.swift */ = {isa = PBXFileReference; lastKnownFileType = sourcecode.swift; path = ComicViewModel.swift; sourceTree = "<group>"; };
		3C540C3F23A01C8A00CBEDA1 /* Comic.swift */ = {isa = PBXFileReference; lastKnownFileType = sourcecode.swift; path = Comic.swift; sourceTree = "<group>"; };
		3C540C4123A02A0A00CBEDA1 /* ServiceComic.swift */ = {isa = PBXFileReference; lastKnownFileType = sourcecode.swift; path = ServiceComic.swift; sourceTree = "<group>"; };
		3C540C4623A02C4B00CBEDA1 /* ComicDataContainer.swift */ = {isa = PBXFileReference; lastKnownFileType = sourcecode.swift; path = ComicDataContainer.swift; sourceTree = "<group>"; };
		3C540C4823A02C5D00CBEDA1 /* ComicDataWrapper.swift */ = {isa = PBXFileReference; lastKnownFileType = sourcecode.swift; path = ComicDataWrapper.swift; sourceTree = "<group>"; };
		3C540C4A23A02C8700CBEDA1 /* TextObject.swift */ = {isa = PBXFileReference; lastKnownFileType = sourcecode.swift; path = TextObject.swift; sourceTree = "<group>"; };
		3C540C4C23A02C9200CBEDA1 /* MarvelUrl.swift */ = {isa = PBXFileReference; lastKnownFileType = sourcecode.swift; path = MarvelUrl.swift; sourceTree = "<group>"; };
		3C540C4E23A02C9B00CBEDA1 /* SeriesSummary.swift */ = {isa = PBXFileReference; lastKnownFileType = sourcecode.swift; path = SeriesSummary.swift; sourceTree = "<group>"; };
		3C540C5023A02CA600CBEDA1 /* ComicSummary.swift */ = {isa = PBXFileReference; lastKnownFileType = sourcecode.swift; path = ComicSummary.swift; sourceTree = "<group>"; };
		3C540C5223A02CB100CBEDA1 /* ComicDate.swift */ = {isa = PBXFileReference; lastKnownFileType = sourcecode.swift; path = ComicDate.swift; sourceTree = "<group>"; };
		3C540C5423A02F9E00CBEDA1 /* CharacterSummary.swift */ = {isa = PBXFileReference; fileEncoding = 4; lastKnownFileType = sourcecode.swift; path = CharacterSummary.swift; sourceTree = "<group>"; };
		3C540C5523A02F9E00CBEDA1 /* ComicPrice.swift */ = {isa = PBXFileReference; fileEncoding = 4; lastKnownFileType = sourcecode.swift; path = ComicPrice.swift; sourceTree = "<group>"; };
		3C540C5623A02F9E00CBEDA1 /* CharacterList.swift */ = {isa = PBXFileReference; fileEncoding = 4; lastKnownFileType = sourcecode.swift; path = CharacterList.swift; sourceTree = "<group>"; };
		3C540C5723A02F9E00CBEDA1 /* CreatorList.swift */ = {isa = PBXFileReference; fileEncoding = 4; lastKnownFileType = sourcecode.swift; path = CreatorList.swift; sourceTree = "<group>"; };
		3C540C5823A02F9E00CBEDA1 /* StoryList.swift */ = {isa = PBXFileReference; fileEncoding = 4; lastKnownFileType = sourcecode.swift; path = StoryList.swift; sourceTree = "<group>"; };
		3C540C5923A02F9E00CBEDA1 /* CreatorSummary.swift */ = {isa = PBXFileReference; fileEncoding = 4; lastKnownFileType = sourcecode.swift; path = CreatorSummary.swift; sourceTree = "<group>"; };
		3C540C5A23A02F9E00CBEDA1 /* MarvelImage.swift */ = {isa = PBXFileReference; fileEncoding = 4; lastKnownFileType = sourcecode.swift; path = MarvelImage.swift; sourceTree = "<group>"; };
		3C540C6223A02FF600CBEDA1 /* EventList.swift */ = {isa = PBXFileReference; fileEncoding = 4; lastKnownFileType = sourcecode.swift; path = EventList.swift; sourceTree = "<group>"; };
		3C540C6323A02FF600CBEDA1 /* StorySummary.swift */ = {isa = PBXFileReference; fileEncoding = 4; lastKnownFileType = sourcecode.swift; path = StorySummary.swift; sourceTree = "<group>"; };
		3C540C6423A02FF600CBEDA1 /* EventSummary.swift */ = {isa = PBXFileReference; fileEncoding = 4; lastKnownFileType = sourcecode.swift; path = EventSummary.swift; sourceTree = "<group>"; };
		3C540C6823A0559A00CBEDA1 /* Constants.swift */ = {isa = PBXFileReference; lastKnownFileType = sourcecode.swift; path = Constants.swift; sourceTree = "<group>"; };
		3C540C6C23A06DAC00CBEDA1 /* UIImageView+Session.swift */ = {isa = PBXFileReference; lastKnownFileType = sourcecode.swift; path = "UIImageView+Session.swift"; sourceTree = "<group>"; };
		3C8C7D70239EC60800A5A636 /* MarvelComics.app */ = {isa = PBXFileReference; explicitFileType = wrapper.application; includeInIndex = 0; path = MarvelComics.app; sourceTree = BUILT_PRODUCTS_DIR; };
		3C8C7D73239EC60800A5A636 /* AppDelegate.swift */ = {isa = PBXFileReference; lastKnownFileType = sourcecode.swift; path = AppDelegate.swift; sourceTree = "<group>"; };
		3C8C7D77239EC60800A5A636 /* ComicTableViewController.swift */ = {isa = PBXFileReference; lastKnownFileType = sourcecode.swift; path = ComicTableViewController.swift; sourceTree = "<group>"; };
		3C8C7D7A239EC60800A5A636 /* Base */ = {isa = PBXFileReference; lastKnownFileType = file.storyboard; name = Base; path = Base.lproj/Main.storyboard; sourceTree = "<group>"; };
		3C8C7D7C239EC60800A5A636 /* Assets.xcassets */ = {isa = PBXFileReference; lastKnownFileType = folder.assetcatalog; path = Assets.xcassets; sourceTree = "<group>"; };
		3C8C7D7F239EC60800A5A636 /* Base */ = {isa = PBXFileReference; lastKnownFileType = file.storyboard; name = Base; path = Base.lproj/LaunchScreen.storyboard; sourceTree = "<group>"; };
		3C8C7D81239EC60800A5A636 /* Info.plist */ = {isa = PBXFileReference; lastKnownFileType = text.plist.xml; path = Info.plist; sourceTree = "<group>"; };
		3C8C7D86239EC60800A5A636 /* MarvelComicsTests.xctest */ = {isa = PBXFileReference; explicitFileType = wrapper.cfbundle; includeInIndex = 0; path = MarvelComicsTests.xctest; sourceTree = BUILT_PRODUCTS_DIR; };
		3C8C7D8A239EC60800A5A636 /* MarvelComicsTests.swift */ = {isa = PBXFileReference; lastKnownFileType = sourcecode.swift; path = MarvelComicsTests.swift; sourceTree = "<group>"; };
		3C8C7D8C239EC60800A5A636 /* Info.plist */ = {isa = PBXFileReference; lastKnownFileType = text.plist.xml; path = Info.plist; sourceTree = "<group>"; };
		3C8C7D91239EC60900A5A636 /* MarvelComicsUITests.xctest */ = {isa = PBXFileReference; explicitFileType = wrapper.cfbundle; includeInIndex = 0; path = MarvelComicsUITests.xctest; sourceTree = BUILT_PRODUCTS_DIR; };
		3C8C7D95239EC60900A5A636 /* MarvelComicsUITests.swift */ = {isa = PBXFileReference; lastKnownFileType = sourcecode.swift; path = MarvelComicsUITests.swift; sourceTree = "<group>"; };
		3C8C7D97239EC60900A5A636 /* Info.plist */ = {isa = PBXFileReference; lastKnownFileType = text.plist.xml; path = Info.plist; sourceTree = "<group>"; };
/* End PBXFileReference section */

/* Begin PBXFrameworksBuildPhase section */
		3C8C7D6D239EC60800A5A636 /* Frameworks */ = {
			isa = PBXFrameworksBuildPhase;
			buildActionMask = 2147483647;
			files = (
			);
			runOnlyForDeploymentPostprocessing = 0;
		};
		3C8C7D83239EC60800A5A636 /* Frameworks */ = {
			isa = PBXFrameworksBuildPhase;
			buildActionMask = 2147483647;
			files = (
			);
			runOnlyForDeploymentPostprocessing = 0;
		};
		3C8C7D8E239EC60900A5A636 /* Frameworks */ = {
			isa = PBXFrameworksBuildPhase;
			buildActionMask = 2147483647;
			files = (
			);
			runOnlyForDeploymentPostprocessing = 0;
		};
/* End PBXFrameworksBuildPhase section */

/* Begin PBXGroup section */
		3C540C3823A006E500CBEDA1 /* Models */ = {
			isa = PBXGroup;
			children = (
				3C540C5623A02F9E00CBEDA1 /* CharacterList.swift */,
				3C540C5423A02F9E00CBEDA1 /* CharacterSummary.swift */,
				3C540C3F23A01C8A00CBEDA1 /* Comic.swift */,
				3C540C4623A02C4B00CBEDA1 /* ComicDataContainer.swift */,
				3C540C4823A02C5D00CBEDA1 /* ComicDataWrapper.swift */,
				3C540C5223A02CB100CBEDA1 /* ComicDate.swift */,
				3C540C5523A02F9E00CBEDA1 /* ComicPrice.swift */,
				3C540C5023A02CA600CBEDA1 /* ComicSummary.swift */,
				3C540C5723A02F9E00CBEDA1 /* CreatorList.swift */,
				3C540C5923A02F9E00CBEDA1 /* CreatorSummary.swift */,
				3C540C6223A02FF600CBEDA1 /* EventList.swift */,
				3C540C6423A02FF600CBEDA1 /* EventSummary.swift */,
				3C540C5A23A02F9E00CBEDA1 /* MarvelImage.swift */,
				3C540C4E23A02C9B00CBEDA1 /* SeriesSummary.swift */,
				3C540C5823A02F9E00CBEDA1 /* StoryList.swift */,
				3C540C6323A02FF600CBEDA1 /* StorySummary.swift */,
				3C540C4A23A02C8700CBEDA1 /* TextObject.swift */,
				3C540C4C23A02C9200CBEDA1 /* MarvelUrl.swift */,
			);
			path = Models;
			sourceTree = "<group>";
		};
		3C540C3923A006F200CBEDA1 /* ViewModels */ = {
			isa = PBXGroup;
			children = (
				3C540C3D23A008A300CBEDA1 /* ComicViewModel.swift */,
			);
			path = ViewModels;
			sourceTree = "<group>";
		};
		3C540C3A23A006FA00CBEDA1 /* Views */ = {
			isa = PBXGroup;
			children = (
				3C540C30239FD51500CBEDA1 /* ComicCell.swift */,
				3C8C7D77239EC60800A5A636 /* ComicTableViewController.swift */,
				3C540C2E239FCC9500CBEDA1 /* ComicDetailsViewController.swift */,
				3C8C7D79239EC60800A5A636 /* Main.storyboard */,
				3C8C7D7E239EC60800A5A636 /* LaunchScreen.storyboard */,
			);
			path = Views;
			sourceTree = "<group>";
		};
		3C540C3B23A0070500CBEDA1 /* Util */ = {
			isa = PBXGroup;
			children = (
				3C540C6E23A06DCF00CBEDA1 /* Extensions */,
				3C540C6823A0559A00CBEDA1 /* Constants.swift */,
				3C8C7D7C239EC60800A5A636 /* Assets.xcassets */,
			);
			path = Util;
			sourceTree = "<group>";
		};
		3C540C3C23A0075B00CBEDA1 /* Service */ = {
			isa = PBXGroup;
			children = (
				3C540C4523A02A4300CBEDA1 /* Results */,
				3C540C4423A02A3400CBEDA1 /* Network */,
				3C540C4323A02A2300CBEDA1 /* ServicesMarvel */,
			);
			path = Service;
			sourceTree = "<group>";
		};
		3C540C4323A02A2300CBEDA1 /* ServicesMarvel */ = {
			isa = PBXGroup;
			children = (
				3C540C4123A02A0A00CBEDA1 /* ServiceComic.swift */,
			);
			path = ServicesMarvel;
			sourceTree = "<group>";
		};
		3C540C4423A02A3400CBEDA1 /* Network */ = {
			isa = PBXGroup;
			children = (
				3C540C32239FE47200CBEDA1 /* Service.swift */,
			);
			path = Network;
			sourceTree = "<group>";
		};
		3C540C4523A02A4300CBEDA1 /* Results */ = {
			isa = PBXGroup;
			children = (
				3C540C3623A003B800CBEDA1 /* Result.swift */,
				3C540C3423A0025100CBEDA1 /* ErrorResult.swift */,
			);
			path = Results;
			sourceTree = "<group>";
		};
		3C540C6E23A06DCF00CBEDA1 /* Extensions */ = {
			isa = PBXGroup;
			children = (
				3C540C6C23A06DAC00CBEDA1 /* UIImageView+Session.swift */,
			);
			path = Extensions;
			sourceTree = "<group>";
		};
		3C8C7D67239EC60800A5A636 = {
			isa = PBXGroup;
			children = (
				3C8C7D72239EC60800A5A636 /* MarvelComics */,
				3C8C7D89239EC60800A5A636 /* MarvelComicsTests */,
				3C8C7D94239EC60900A5A636 /* MarvelComicsUITests */,
				3C8C7D71239EC60800A5A636 /* Products */,
			);
			sourceTree = "<group>";
		};
		3C8C7D71239EC60800A5A636 /* Products */ = {
			isa = PBXGroup;
			children = (
				3C8C7D70239EC60800A5A636 /* MarvelComics.app */,
				3C8C7D86239EC60800A5A636 /* MarvelComicsTests.xctest */,
				3C8C7D91239EC60900A5A636 /* MarvelComicsUITests.xctest */,
			);
			name = Products;
			sourceTree = "<group>";
		};
		3C8C7D72239EC60800A5A636 /* MarvelComics */ = {
			isa = PBXGroup;
			children = (
				3C540C3C23A0075B00CBEDA1 /* Service */,
				3C8C7D73239EC60800A5A636 /* AppDelegate.swift */,
				3C540C3B23A0070500CBEDA1 /* Util */,
				3C540C3A23A006FA00CBEDA1 /* Views */,
				3C540C3923A006F200CBEDA1 /* ViewModels */,
				3C540C3823A006E500CBEDA1 /* Models */,
				3C8C7D81239EC60800A5A636 /* Info.plist */,
			);
			path = MarvelComics;
			sourceTree = "<group>";
		};
		3C8C7D89239EC60800A5A636 /* MarvelComicsTests */ = {
			isa = PBXGroup;
			children = (
				3C8C7D8A239EC60800A5A636 /* MarvelComicsTests.swift */,
				3C8C7D8C239EC60800A5A636 /* Info.plist */,
			);
			path = MarvelComicsTests;
			sourceTree = "<group>";
		};
		3C8C7D94239EC60900A5A636 /* MarvelComicsUITests */ = {
			isa = PBXGroup;
			children = (
				3C8C7D95239EC60900A5A636 /* MarvelComicsUITests.swift */,
				3C8C7D97239EC60900A5A636 /* Info.plist */,
			);
			path = MarvelComicsUITests;
			sourceTree = "<group>";
		};
/* End PBXGroup section */

/* Begin PBXNativeTarget section */
		3C8C7D6F239EC60800A5A636 /* MarvelComics */ = {
			isa = PBXNativeTarget;
			buildConfigurationList = 3C8C7D9A239EC60900A5A636 /* Build configuration list for PBXNativeTarget "MarvelComics" */;
			buildPhases = (
				3C8C7D6C239EC60800A5A636 /* Sources */,
				3C8C7D6D239EC60800A5A636 /* Frameworks */,
				3C8C7D6E239EC60800A5A636 /* Resources */,
			);
			buildRules = (
			);
			dependencies = (
			);
			name = MarvelComics;
			productName = MarvelComics;
			productReference = 3C8C7D70239EC60800A5A636 /* MarvelComics.app */;
			productType = "com.apple.product-type.application";
		};
		3C8C7D85239EC60800A5A636 /* MarvelComicsTests */ = {
			isa = PBXNativeTarget;
			buildConfigurationList = 3C8C7D9D239EC60900A5A636 /* Build configuration list for PBXNativeTarget "MarvelComicsTests" */;
			buildPhases = (
				3C8C7D82239EC60800A5A636 /* Sources */,
				3C8C7D83239EC60800A5A636 /* Frameworks */,
				3C8C7D84239EC60800A5A636 /* Resources */,
			);
			buildRules = (
			);
			dependencies = (
				3C8C7D88239EC60800A5A636 /* PBXTargetDependency */,
			);
			name = MarvelComicsTests;
			productName = MarvelComicsTests;
			productReference = 3C8C7D86239EC60800A5A636 /* MarvelComicsTests.xctest */;
			productType = "com.apple.product-type.bundle.unit-test";
		};
		3C8C7D90239EC60900A5A636 /* MarvelComicsUITests */ = {
			isa = PBXNativeTarget;
			buildConfigurationList = 3C8C7DA0239EC60900A5A636 /* Build configuration list for PBXNativeTarget "MarvelComicsUITests" */;
			buildPhases = (
				3C8C7D8D239EC60900A5A636 /* Sources */,
				3C8C7D8E239EC60900A5A636 /* Frameworks */,
				3C8C7D8F239EC60900A5A636 /* Resources */,
			);
			buildRules = (
			);
			dependencies = (
				3C8C7D93239EC60900A5A636 /* PBXTargetDependency */,
			);
			name = MarvelComicsUITests;
			productName = MarvelComicsUITests;
			productReference = 3C8C7D91239EC60900A5A636 /* MarvelComicsUITests.xctest */;
			productType = "com.apple.product-type.bundle.ui-testing";
		};
/* End PBXNativeTarget section */

/* Begin PBXProject section */
		3C8C7D68239EC60800A5A636 /* Project object */ = {
			isa = PBXProject;
			attributes = {
				LastSwiftUpdateCheck = 1120;
				LastUpgradeCheck = 1120;
				ORGANIZATIONNAME = "Felipe Teofilo";
				TargetAttributes = {
					3C8C7D6F239EC60800A5A636 = {
						CreatedOnToolsVersion = 11.2.1;
					};
					3C8C7D85239EC60800A5A636 = {
						CreatedOnToolsVersion = 11.2.1;
						TestTargetID = 3C8C7D6F239EC60800A5A636;
					};
					3C8C7D90239EC60900A5A636 = {
						CreatedOnToolsVersion = 11.2.1;
						TestTargetID = 3C8C7D6F239EC60800A5A636;
					};
				};
			};
			buildConfigurationList = 3C8C7D6B239EC60800A5A636 /* Build configuration list for PBXProject "MarvelComics" */;
			compatibilityVersion = "Xcode 9.3";
			developmentRegion = en;
			hasScannedForEncodings = 0;
			knownRegions = (
				en,
				Base,
			);
			mainGroup = 3C8C7D67239EC60800A5A636;
			productRefGroup = 3C8C7D71239EC60800A5A636 /* Products */;
			projectDirPath = "";
			projectRoot = "";
			targets = (
				3C8C7D6F239EC60800A5A636 /* MarvelComics */,
				3C8C7D85239EC60800A5A636 /* MarvelComicsTests */,
				3C8C7D90239EC60900A5A636 /* MarvelComicsUITests */,
			);
		};
/* End PBXProject section */

/* Begin PBXResourcesBuildPhase section */
		3C8C7D6E239EC60800A5A636 /* Resources */ = {
			isa = PBXResourcesBuildPhase;
			buildActionMask = 2147483647;
			files = (
				3C8C7D80239EC60800A5A636 /* LaunchScreen.storyboard in Resources */,
				3C8C7D7D239EC60800A5A636 /* Assets.xcassets in Resources */,
				3C8C7D7B239EC60800A5A636 /* Main.storyboard in Resources */,
			);
			runOnlyForDeploymentPostprocessing = 0;
		};
		3C8C7D84239EC60800A5A636 /* Resources */ = {
			isa = PBXResourcesBuildPhase;
			buildActionMask = 2147483647;
			files = (
			);
			runOnlyForDeploymentPostprocessing = 0;
		};
		3C8C7D8F239EC60900A5A636 /* Resources */ = {
			isa = PBXResourcesBuildPhase;
			buildActionMask = 2147483647;
			files = (
			);
			runOnlyForDeploymentPostprocessing = 0;
		};
/* End PBXResourcesBuildPhase section */

/* Begin PBXSourcesBuildPhase section */
		3C8C7D6C239EC60800A5A636 /* Sources */ = {
			isa = PBXSourcesBuildPhase;
			buildActionMask = 2147483647;
			files = (
				3C540C5E23A02F9F00CBEDA1 /* CreatorList.swift in Sources */,
				3C8C7D78239EC60800A5A636 /* ComicTableViewController.swift in Sources */,
				3C540C4923A02C5D00CBEDA1 /* ComicDataWrapper.swift in Sources */,
				3C540C31239FD51500CBEDA1 /* ComicCell.swift in Sources */,
				3C540C6023A02F9F00CBEDA1 /* CreatorSummary.swift in Sources */,
				3C540C6523A02FF600CBEDA1 /* EventList.swift in Sources */,
				3C540C33239FE47200CBEDA1 /* Service.swift in Sources */,
				3C540C3523A0025100CBEDA1 /* ErrorResult.swift in Sources */,
				3C540C5D23A02F9F00CBEDA1 /* CharacterList.swift in Sources */,
				3C540C3723A003B800CBEDA1 /* Result.swift in Sources */,
				3C540C6623A02FF600CBEDA1 /* StorySummary.swift in Sources */,
				3C540C6923A0559A00CBEDA1 /* Constants.swift in Sources */,
				3C540C5B23A02F9F00CBEDA1 /* CharacterSummary.swift in Sources */,
				3C540C4723A02C4B00CBEDA1 /* ComicDataContainer.swift in Sources */,
				3C8C7D74239EC60800A5A636 /* AppDelegate.swift in Sources */,
				3C540C5C23A02F9F00CBEDA1 /* ComicPrice.swift in Sources */,
				3C540C3E23A008A300CBEDA1 /* ComicViewModel.swift in Sources */,
				3C540C4223A02A0A00CBEDA1 /* ServiceComic.swift in Sources */,
				3C540C6D23A06DAC00CBEDA1 /* UIImageView+Session.swift in Sources */,
				3C540C4F23A02C9B00CBEDA1 /* SeriesSummary.swift in Sources */,
				3C540C5123A02CA600CBEDA1 /* ComicSummary.swift in Sources */,
				3C540C4D23A02C9200CBEDA1 /* MarvelUrl.swift in Sources */,
				3C540C4B23A02C8700CBEDA1 /* TextObject.swift in Sources */,
				3C540C4023A01C8A00CBEDA1 /* Comic.swift in Sources */,
				3C540C6123A02F9F00CBEDA1 /* MarvelImage.swift in Sources */,
				3C540C5323A02CB100CBEDA1 /* ComicDate.swift in Sources */,
				3C540C6723A02FF600CBEDA1 /* EventSummary.swift in Sources */,
				3C540C2F239FCC9500CBEDA1 /* ComicDetailsViewController.swift in Sources */,
				3C540C5F23A02F9F00CBEDA1 /* StoryList.swift in Sources */,
			);
			runOnlyForDeploymentPostprocessing = 0;
		};
		3C8C7D82239EC60800A5A636 /* Sources */ = {
			isa = PBXSourcesBuildPhase;
			buildActionMask = 2147483647;
			files = (
				3C8C7D8B239EC60800A5A636 /* MarvelComicsTests.swift in Sources */,
			);
			runOnlyForDeploymentPostprocessing = 0;
		};
		3C8C7D8D239EC60900A5A636 /* Sources */ = {
			isa = PBXSourcesBuildPhase;
			buildActionMask = 2147483647;
			files = (
				3C8C7D96239EC60900A5A636 /* MarvelComicsUITests.swift in Sources */,
			);
			runOnlyForDeploymentPostprocessing = 0;
		};
/* End PBXSourcesBuildPhase section */

/* Begin PBXTargetDependency section */
		3C8C7D88239EC60800A5A636 /* PBXTargetDependency */ = {
			isa = PBXTargetDependency;
			target = 3C8C7D6F239EC60800A5A636 /* MarvelComics */;
			targetProxy = 3C8C7D87239EC60800A5A636 /* PBXContainerItemProxy */;
		};
		3C8C7D93239EC60900A5A636 /* PBXTargetDependency */ = {
			isa = PBXTargetDependency;
			target = 3C8C7D6F239EC60800A5A636 /* MarvelComics */;
			targetProxy = 3C8C7D92239EC60900A5A636 /* PBXContainerItemProxy */;
		};
/* End PBXTargetDependency section */

/* Begin PBXVariantGroup section */
		3C8C7D79239EC60800A5A636 /* Main.storyboard */ = {
			isa = PBXVariantGroup;
			children = (
				3C8C7D7A239EC60800A5A636 /* Base */,
			);
			name = Main.storyboard;
			sourceTree = "<group>";
		};
		3C8C7D7E239EC60800A5A636 /* LaunchScreen.storyboard */ = {
			isa = PBXVariantGroup;
			children = (
				3C8C7D7F239EC60800A5A636 /* Base */,
			);
			name = LaunchScreen.storyboard;
			sourceTree = "<group>";
		};
/* End PBXVariantGroup section */

/* Begin XCBuildConfiguration section */
		3C8C7D98239EC60900A5A636 /* Debug */ = {
			isa = XCBuildConfiguration;
			buildSettings = {
				ALWAYS_SEARCH_USER_PATHS = NO;
				CLANG_ANALYZER_NONNULL = YES;
				CLANG_ANALYZER_NUMBER_OBJECT_CONVERSION = YES_AGGRESSIVE;
				CLANG_CXX_LANGUAGE_STANDARD = "gnu++14";
				CLANG_CXX_LIBRARY = "libc++";
				CLANG_ENABLE_MODULES = YES;
				CLANG_ENABLE_OBJC_ARC = YES;
				CLANG_ENABLE_OBJC_WEAK = YES;
				CLANG_WARN_BLOCK_CAPTURE_AUTORELEASING = YES;
				CLANG_WARN_BOOL_CONVERSION = YES;
				CLANG_WARN_COMMA = YES;
				CLANG_WARN_CONSTANT_CONVERSION = YES;
				CLANG_WARN_DEPRECATED_OBJC_IMPLEMENTATIONS = YES;
				CLANG_WARN_DIRECT_OBJC_ISA_USAGE = YES_ERROR;
				CLANG_WARN_DOCUMENTATION_COMMENTS = YES;
				CLANG_WARN_EMPTY_BODY = YES;
				CLANG_WARN_ENUM_CONVERSION = YES;
				CLANG_WARN_INFINITE_RECURSION = YES;
				CLANG_WARN_INT_CONVERSION = YES;
				CLANG_WARN_NON_LITERAL_NULL_CONVERSION = YES;
				CLANG_WARN_OBJC_IMPLICIT_RETAIN_SELF = YES;
				CLANG_WARN_OBJC_LITERAL_CONVERSION = YES;
				CLANG_WARN_OBJC_ROOT_CLASS = YES_ERROR;
				CLANG_WARN_RANGE_LOOP_ANALYSIS = YES;
				CLANG_WARN_STRICT_PROTOTYPES = YES;
				CLANG_WARN_SUSPICIOUS_MOVE = YES;
				CLANG_WARN_UNGUARDED_AVAILABILITY = YES_AGGRESSIVE;
				CLANG_WARN_UNREACHABLE_CODE = YES;
				CLANG_WARN__DUPLICATE_METHOD_MATCH = YES;
				COPY_PHASE_STRIP = NO;
				DEBUG_INFORMATION_FORMAT = dwarf;
				ENABLE_STRICT_OBJC_MSGSEND = YES;
				ENABLE_TESTABILITY = YES;
				GCC_C_LANGUAGE_STANDARD = gnu11;
				GCC_DYNAMIC_NO_PIC = NO;
				GCC_NO_COMMON_BLOCKS = YES;
				GCC_OPTIMIZATION_LEVEL = 0;
				GCC_PREPROCESSOR_DEFINITIONS = (
					"DEBUG=1",
					"$(inherited)",
				);
				GCC_WARN_64_TO_32_BIT_CONVERSION = YES;
				GCC_WARN_ABOUT_RETURN_TYPE = YES_ERROR;
				GCC_WARN_UNDECLARED_SELECTOR = YES;
				GCC_WARN_UNINITIALIZED_AUTOS = YES_AGGRESSIVE;
				GCC_WARN_UNUSED_FUNCTION = YES;
				GCC_WARN_UNUSED_VARIABLE = YES;
				IPHONEOS_DEPLOYMENT_TARGET = 13.2;
				MTL_ENABLE_DEBUG_INFO = INCLUDE_SOURCE;
				MTL_FAST_MATH = YES;
				ONLY_ACTIVE_ARCH = YES;
				SDKROOT = iphoneos;
				SWIFT_ACTIVE_COMPILATION_CONDITIONS = DEBUG;
				SWIFT_OPTIMIZATION_LEVEL = "-Onone";
			};
			name = Debug;
		};
		3C8C7D99239EC60900A5A636 /* Release */ = {
			isa = XCBuildConfiguration;
			buildSettings = {
				ALWAYS_SEARCH_USER_PATHS = NO;
				CLANG_ANALYZER_NONNULL = YES;
				CLANG_ANALYZER_NUMBER_OBJECT_CONVERSION = YES_AGGRESSIVE;
				CLANG_CXX_LANGUAGE_STANDARD = "gnu++14";
				CLANG_CXX_LIBRARY = "libc++";
				CLANG_ENABLE_MODULES = YES;
				CLANG_ENABLE_OBJC_ARC = YES;
				CLANG_ENABLE_OBJC_WEAK = YES;
				CLANG_WARN_BLOCK_CAPTURE_AUTORELEASING = YES;
				CLANG_WARN_BOOL_CONVERSION = YES;
				CLANG_WARN_COMMA = YES;
				CLANG_WARN_CONSTANT_CONVERSION = YES;
				CLANG_WARN_DEPRECATED_OBJC_IMPLEMENTATIONS = YES;
				CLANG_WARN_DIRECT_OBJC_ISA_USAGE = YES_ERROR;
				CLANG_WARN_DOCUMENTATION_COMMENTS = YES;
				CLANG_WARN_EMPTY_BODY = YES;
				CLANG_WARN_ENUM_CONVERSION = YES;
				CLANG_WARN_INFINITE_RECURSION = YES;
				CLANG_WARN_INT_CONVERSION = YES;
				CLANG_WARN_NON_LITERAL_NULL_CONVERSION = YES;
				CLANG_WARN_OBJC_IMPLICIT_RETAIN_SELF = YES;
				CLANG_WARN_OBJC_LITERAL_CONVERSION = YES;
				CLANG_WARN_OBJC_ROOT_CLASS = YES_ERROR;
				CLANG_WARN_RANGE_LOOP_ANALYSIS = YES;
				CLANG_WARN_STRICT_PROTOTYPES = YES;
				CLANG_WARN_SUSPICIOUS_MOVE = YES;
				CLANG_WARN_UNGUARDED_AVAILABILITY = YES_AGGRESSIVE;
				CLANG_WARN_UNREACHABLE_CODE = YES;
				CLANG_WARN__DUPLICATE_METHOD_MATCH = YES;
				COPY_PHASE_STRIP = NO;
				DEBUG_INFORMATION_FORMAT = "dwarf-with-dsym";
				ENABLE_NS_ASSERTIONS = NO;
				ENABLE_STRICT_OBJC_MSGSEND = YES;
				GCC_C_LANGUAGE_STANDARD = gnu11;
				GCC_NO_COMMON_BLOCKS = YES;
				GCC_WARN_64_TO_32_BIT_CONVERSION = YES;
				GCC_WARN_ABOUT_RETURN_TYPE = YES_ERROR;
				GCC_WARN_UNDECLARED_SELECTOR = YES;
				GCC_WARN_UNINITIALIZED_AUTOS = YES_AGGRESSIVE;
				GCC_WARN_UNUSED_FUNCTION = YES;
				GCC_WARN_UNUSED_VARIABLE = YES;
				IPHONEOS_DEPLOYMENT_TARGET = 13.2;
				MTL_ENABLE_DEBUG_INFO = NO;
				MTL_FAST_MATH = YES;
				SDKROOT = iphoneos;
				SWIFT_COMPILATION_MODE = wholemodule;
				SWIFT_OPTIMIZATION_LEVEL = "-O";
				VALIDATE_PRODUCT = YES;
			};
			name = Release;
		};
		3C8C7D9B239EC60900A5A636 /* Debug */ = {
			isa = XCBuildConfiguration;
			buildSettings = {
				ASSETCATALOG_COMPILER_APPICON_NAME = AppIcon;
				CODE_SIGN_STYLE = Automatic;
				INFOPLIST_FILE = MarvelComics/Info.plist;
				LD_RUNPATH_SEARCH_PATHS = (
					"$(inherited)",
					"@executable_path/Frameworks",
				);
				PRODUCT_BUNDLE_IDENTIFIER = felipe.teofilo.MarvelComics;
				PRODUCT_NAME = "$(TARGET_NAME)";
				SWIFT_VERSION = 5.0;
				TARGETED_DEVICE_FAMILY = "1,2";
			};
			name = Debug;
		};
		3C8C7D9C239EC60900A5A636 /* Release */ = {
			isa = XCBuildConfiguration;
			buildSettings = {
				ASSETCATALOG_COMPILER_APPICON_NAME = AppIcon;
				CODE_SIGN_STYLE = Automatic;
				INFOPLIST_FILE = MarvelComics/Info.plist;
				LD_RUNPATH_SEARCH_PATHS = (
					"$(inherited)",
					"@executable_path/Frameworks",
				);
				PRODUCT_BUNDLE_IDENTIFIER = felipe.teofilo.MarvelComics;
				PRODUCT_NAME = "$(TARGET_NAME)";
				SWIFT_VERSION = 5.0;
				TARGETED_DEVICE_FAMILY = "1,2";
			};
			name = Release;
		};
		3C8C7D9E239EC60900A5A636 /* Debug */ = {
			isa = XCBuildConfiguration;
			buildSettings = {
				ALWAYS_EMBED_SWIFT_STANDARD_LIBRARIES = YES;
				BUNDLE_LOADER = "$(TEST_HOST)";
				CODE_SIGN_STYLE = Automatic;
				INFOPLIST_FILE = MarvelComicsTests/Info.plist;
				IPHONEOS_DEPLOYMENT_TARGET = 13.2;
				LD_RUNPATH_SEARCH_PATHS = (
					"$(inherited)",
					"@executable_path/Frameworks",
					"@loader_path/Frameworks",
				);
				PRODUCT_BUNDLE_IDENTIFIER = felipe.teofilo.MarvelComicsTests;
				PRODUCT_NAME = "$(TARGET_NAME)";
				SWIFT_VERSION = 5.0;
				TARGETED_DEVICE_FAMILY = "1,2";
				TEST_HOST = "$(BUILT_PRODUCTS_DIR)/MarvelComics.app/MarvelComics";
			};
			name = Debug;
		};
		3C8C7D9F239EC60900A5A636 /* Release */ = {
			isa = XCBuildConfiguration;
			buildSettings = {
				ALWAYS_EMBED_SWIFT_STANDARD_LIBRARIES = YES;
				BUNDLE_LOADER = "$(TEST_HOST)";
				CODE_SIGN_STYLE = Automatic;
				INFOPLIST_FILE = MarvelComicsTests/Info.plist;
				IPHONEOS_DEPLOYMENT_TARGET = 13.2;
				LD_RUNPATH_SEARCH_PATHS = (
					"$(inherited)",
					"@executable_path/Frameworks",
					"@loader_path/Frameworks",
				);
				PRODUCT_BUNDLE_IDENTIFIER = felipe.teofilo.MarvelComicsTests;
				PRODUCT_NAME = "$(TARGET_NAME)";
				SWIFT_VERSION = 5.0;
				TARGETED_DEVICE_FAMILY = "1,2";
				TEST_HOST = "$(BUILT_PRODUCTS_DIR)/MarvelComics.app/MarvelComics";
			};
			name = Release;
		};
		3C8C7DA1239EC60900A5A636 /* Debug */ = {
			isa = XCBuildConfiguration;
			buildSettings = {
				ALWAYS_EMBED_SWIFT_STANDARD_LIBRARIES = YES;
				CODE_SIGN_STYLE = Automatic;
				INFOPLIST_FILE = MarvelComicsUITests/Info.plist;
				LD_RUNPATH_SEARCH_PATHS = (
					"$(inherited)",
					"@executable_path/Frameworks",
					"@loader_path/Frameworks",
				);
				PRODUCT_BUNDLE_IDENTIFIER = felipe.teofilo.MarvelComicsUITests;
				PRODUCT_NAME = "$(TARGET_NAME)";
				SWIFT_VERSION = 5.0;
				TARGETED_DEVICE_FAMILY = "1,2";
				TEST_TARGET_NAME = MarvelComics;
			};
			name = Debug;
		};
		3C8C7DA2239EC60900A5A636 /* Release */ = {
			isa = XCBuildConfiguration;
			buildSettings = {
				ALWAYS_EMBED_SWIFT_STANDARD_LIBRARIES = YES;
				CODE_SIGN_STYLE = Automatic;
				INFOPLIST_FILE = MarvelComicsUITests/Info.plist;
				LD_RUNPATH_SEARCH_PATHS = (
					"$(inherited)",
					"@executable_path/Frameworks",
					"@loader_path/Frameworks",
				);
				PRODUCT_BUNDLE_IDENTIFIER = felipe.teofilo.MarvelComicsUITests;
				PRODUCT_NAME = "$(TARGET_NAME)";
				SWIFT_VERSION = 5.0;
				TARGETED_DEVICE_FAMILY = "1,2";
				TEST_TARGET_NAME = MarvelComics;
			};
			name = Release;
		};
/* End XCBuildConfiguration section */

/* Begin XCConfigurationList section */
		3C8C7D6B239EC60800A5A636 /* Build configuration list for PBXProject "MarvelComics" */ = {
			isa = XCConfigurationList;
			buildConfigurations = (
				3C8C7D98239EC60900A5A636 /* Debug */,
				3C8C7D99239EC60900A5A636 /* Release */,
			);
			defaultConfigurationIsVisible = 0;
			defaultConfigurationName = Release;
		};
		3C8C7D9A239EC60900A5A636 /* Build configuration list for PBXNativeTarget "MarvelComics" */ = {
			isa = XCConfigurationList;
			buildConfigurations = (
				3C8C7D9B239EC60900A5A636 /* Debug */,
				3C8C7D9C239EC60900A5A636 /* Release */,
			);
			defaultConfigurationIsVisible = 0;
			defaultConfigurationName = Release;
		};
		3C8C7D9D239EC60900A5A636 /* Build configuration list for PBXNativeTarget "MarvelComicsTests" */ = {
			isa = XCConfigurationList;
			buildConfigurations = (
				3C8C7D9E239EC60900A5A636 /* Debug */,
				3C8C7D9F239EC60900A5A636 /* Release */,
			);
			defaultConfigurationIsVisible = 0;
			defaultConfigurationName = Release;
		};
		3C8C7DA0239EC60900A5A636 /* Build configuration list for PBXNativeTarget "MarvelComicsUITests" */ = {
			isa = XCConfigurationList;
			buildConfigurations = (
				3C8C7DA1239EC60900A5A636 /* Debug */,
				3C8C7DA2239EC60900A5A636 /* Release */,
			);
			defaultConfigurationIsVisible = 0;
			defaultConfigurationName = Release;
		};
/* End XCConfigurationList section */
	};
	rootObject = 3C8C7D68239EC60800A5A636 /* Project object */;
}
